PODS:
  - Alamofire (4.8.2)
  - CYLTabBarController (1.28.3):
    - CYLTabBarController/Core (= 1.28.3)
  - CYLTabBarController/Core (1.28.3)
  - IQKeyboardManagerSwift (6.4.0)
  - KeychainSwift (16.0.1)
  - Kingfisher (4.10.1)
  - LookinServer (0.9.3)
  - MBProgressHUD (1.1.0)
  - MJRefresh (3.1.17)
  - ObjcExceptionBridging (1.0.1):
    - ObjcExceptionBridging/ObjcExceptionBridging (= 1.0.1)
  - ObjcExceptionBridging/ObjcExceptionBridging (1.0.1)
  - SDCycleScrollView (1.80):
    - SDWebImage (>= 5.0.0)
  - SDWebImage (5.0.6):
    - SDWebImage/Core (= 5.0.6)
  - SDWebImage/Core (5.0.6)
  - SnapKit (4.2.0)
  - SVProgressHUD (2.2.5)
  - SwiftyJSON (5.0.0)
  - TYPagerController (2.1.2)
  - XCGLogger (7.0.0):
    - XCGLogger/Core (= 7.0.0)
  - XCGLogger/Core (7.0.0):
    - ObjcExceptionBridging

DEPENDENCIES:
  - Alamofire (~> 4.8.2)
  - CYLTabBarController (~> 1.28.1)
  - IQKeyboardManagerSwift
  - KeychainSwift (~> 16.0.1)
  - Kingfisher (~> 4.10.1)
  - LookinServer
  - MBProgressHUD (~> 1.1.0)
  - MJRefresh (~> 3.1.16)
  - SDCycleScrollView (~> 1.80)
  - SnapKit (~> 4.2.0)
  - SVProgressHUD (~> 2.2.5)
  - SwiftyJSON (~> 5.0.0)
  - TYPagerController (~> 2.1.2)
  - XCGLogger (~> 7.0.0)

SPEC REPOS:
  https://github.com/cocoapods/specs.git:
    - Alamofire
    - CYLTabBarController
    - IQKeyboardManagerSwift
    - KeychainSwift
    - Kingfisher
    - LookinServer
    - MBProgressHUD
    - MJRefresh
    - ObjcExceptionBridging
    - SDCycleScrollView
    - SDWebImage
    - SnapKit
    - SVProgressHUD
    - SwiftyJSON
    - TYPagerController
    - XCGLogger

SPEC CHECKSUMS:
  Alamofire: ae5c501addb7afdbb13687d7f2f722c78734c2d3
  CYLTabBarController: cd14c6260a38337600737873a57b3114c7065a8e
  IQKeyboardManagerSwift: ed9b04ee0e3067ffba543283462d619f944b05e5
  KeychainSwift: 4209611373ca4a098e09b1e547eebd87c544dcc4
  Kingfisher: c148cd7b47ebde9989f6bc7c27dcaa79d81279a0
  LookinServer: 44f1b5f32743dc61068a156ff86b5b47d0a82943
  MBProgressHUD: e7baa36a220447d8aeb12769bf0585582f3866d9
  MJRefresh: ee5b68f639775462faba4db0fd243baf4d42c2cf
  ObjcExceptionBridging: c30e00eb3700467e695faeea30e26e18bd445001
  SDCycleScrollView: b3c9a5ed840c771c4938978174c7c9d9feefeb96
  SDWebImage: 920f1a2ff1ca8296ad34f6e0510a1ef1d70ac965
  SnapKit: fe8a619752f3f27075cc9a90244d75c6c3f27e2a
  SVProgressHUD: 1428aafac632c1f86f62aa4243ec12008d7a51d6
  SwiftyJSON: 36413e04c44ee145039d332b4f4e2d3e8d6c4db7
  TYPagerController: 262556ecef99986d26ed77fb1288a198ed42f4af
  XCGLogger: 0434f15e3909cdc450bb63faf638b8792ab782ab

PODFILE CHECKSUM: 77c873aae2689d4f23bbce554d80a57a4ab0cba8

COCOAPODS: 1.7.5
